
Microsoft Visual Studio Solution File, Format Version 12.00
Project("{FAE04EC0-301F-11D3-BF4B-00C04F79EFBC}") = "BiggerIsGreater", "BiggerIsGreater\BiggerIsGreater.csproj", "{B080268F-DEE4-4C58-88EA-5AFF219A292C}"
EndProject
Project("{FAE04EC0-301F-11D3-BF4B-00C04F79EFBC}") = "CommonChild", "CommonChild\CommonChild.csproj", "{A4A44D3A-58B1-4A03-966C-733E1300C621}"
EndProject
Project("{FAE04EC0-301F-11D3-BF4B-00C04F79EFBC}") = "Encryption", "Encryption\Encryption.csproj", "{35BA494B-AF0E-4DC1-91C2-CF9C3BE42583}"
EndProject
Project("{FAE04EC0-301F-11D3-BF4B-00C04F79EFBC}") = "TimeInWords", "TimeInWords\TimeInWords.csproj", "{878F7E43-603D-4BAD-8802-260596A1DEAF}"
EndProject
Project("{FAE04EC0-301F-11D3-BF4B-00C04F79EFBC}") = "AlmostSorted", "AlmostSorted\AlmostSorted.csproj", "{CBC61BC8-7F9F-4715-B6F0-33C58B60B889}"
EndProject
Global
	GlobalSection(SolutionConfigurationPlatforms) = preSolution
		Debug|Any CPU = Debug|Any CPU
		Release|Any CPU = Release|Any CPU
	EndGlobalSection
	GlobalSection(ProjectConfigurationPlatforms) = postSolution
		{B080268F-DEE4-4C58-88EA-5AFF219A292C}.Debug|Any CPU.ActiveCfg = Debug|Any CPU
		{B080268F-DEE4-4C58-88EA-5AFF219A292C}.Debug|Any CPU.Build.0 = Debug|Any CPU
		{B080268F-DEE4-4C58-88EA-5AFF219A292C}.Release|Any CPU.ActiveCfg = Release|Any CPU
		{B080268F-DEE4-4C58-88EA-5AFF219A292C}.Release|Any CPU.Build.0 = Release|Any CPU
		{A4A44D3A-58B1-4A03-966C-733E1300C621}.Debug|Any CPU.ActiveCfg = Debug|Any CPU
		{A4A44D3A-58B1-4A03-966C-733E1300C621}.Debug|Any CPU.Build.0 = Debug|Any CPU
		{A4A44D3A-58B1-4A03-966C-733E1300C621}.Release|Any CPU.ActiveCfg = Release|Any CPU
		{A4A44D3A-58B1-4A03-966C-733E1300C621}.Release|Any CPU.Build.0 = Release|Any CPU
		{35BA494B-AF0E-4DC1-91C2-CF9C3BE42583}.Debug|Any CPU.ActiveCfg = Debug|Any CPU
		{35BA494B-AF0E-4DC1-91C2-CF9C3BE42583}.Debug|Any CPU.Build.0 = Debug|Any CPU
		{35BA494B-AF0E-4DC1-91C2-CF9C3BE42583}.Release|Any CPU.ActiveCfg = Release|Any CPU
		{35BA494B-AF0E-4DC1-91C2-CF9C3BE42583}.Release|Any CPU.Build.0 = Release|Any CPU
		{878F7E43-603D-4BAD-8802-260596A1DEAF}.Debug|Any CPU.ActiveCfg = Debug|Any CPU
		{878F7E43-603D-4BAD-8802-260596A1DEAF}.Debug|Any CPU.Build.0 = Debug|Any CPU
		{878F7E43-603D-4BAD-8802-260596A1DEAF}.Release|Any CPU.ActiveCfg = Release|Any CPU
		{878F7E43-603D-4BAD-8802-260596A1DEAF}.Release|Any CPU.Build.0 = Release|Any CPU
		{CBC61BC8-7F9F-4715-B6F0-33C58B60B889}.Debug|Any CPU.ActiveCfg = Debug|Any CPU
		{CBC61BC8-7F9F-4715-B6F0-33C58B60B889}.Debug|Any CPU.Build.0 = Debug|Any CPU
		{CBC61BC8-7F9F-4715-B6F0-33C58B60B889}.Release|Any CPU.ActiveCfg = Release|Any CPU
		{CBC61BC8-7F9F-4715-B6F0-33C58B60B889}.Release|Any CPU.Build.0 = Release|Any CPU
	EndGlobalSection
EndGlobal
